// !$*UTF8*$!
{
	archiveVersion = 1;
	classes = {
	};
	objectVersion = 51;
	objects = {

/* Begin PBXBuildFile section */
		145EDFE2314557CBC7417A33 /* Pods_instagramTests.framework in Frameworks */ = {isa = PBXBuildFile; fileRef = 95579B905EFCDA9F564A762F /* Pods_instagramTests.framework */; };
		6C135E0C254284E70085179C /* AppDelegate.swift in Sources */ = {isa = PBXBuildFile; fileRef = 6C135E0B254284E70085179C /* AppDelegate.swift */; };
		6C135E0E254284E70085179C /* SceneDelegate.swift in Sources */ = {isa = PBXBuildFile; fileRef = 6C135E0D254284E70085179C /* SceneDelegate.swift */; };
		6C135E13254284E70085179C /* Main.storyboard in Resources */ = {isa = PBXBuildFile; fileRef = 6C135E11254284E70085179C /* Main.storyboard */; };
		6C135E15254284E80085179C /* Assets.xcassets in Resources */ = {isa = PBXBuildFile; fileRef = 6C135E14254284E80085179C /* Assets.xcassets */; };
		6C135E18254284E80085179C /* LaunchScreen.storyboard in Resources */ = {isa = PBXBuildFile; fileRef = 6C135E16254284E80085179C /* LaunchScreen.storyboard */; };
		6C135E23254284E80085179C /* instagramTests.swift in Sources */ = {isa = PBXBuildFile; fileRef = 6C135E22254284E80085179C /* instagramTests.swift */; };
		6C135E2E254284E80085179C /* instagramUITests.swift in Sources */ = {isa = PBXBuildFile; fileRef = 6C135E2D254284E80085179C /* instagramUITests.swift */; };
		6C135E502542859F0085179C /* LoginViewController.swift in Sources */ = {isa = PBXBuildFile; fileRef = 6C135E4F2542859F0085179C /* LoginViewController.swift */; };
		6C135E55254285AA0085179C /* FeedViewController.swift in Sources */ = {isa = PBXBuildFile; fileRef = 6C135E54254285AA0085179C /* FeedViewController.swift */; };
		6C5682F025428BB500C4BA20 /* CameraViewController.swift in Sources */ = {isa = PBXBuildFile; fileRef = 6C5682EF25428BB500C4BA20 /* CameraViewController.swift */; };
		6C5682F52542948300C4BA20 /* PostCell.swift in Sources */ = {isa = PBXBuildFile; fileRef = 6C5682F42542948300C4BA20 /* PostCell.swift */; };
		B3FBEB38C2773D479B8E08CB /* Pods_instagram.framework in Frameworks */ = {isa = PBXBuildFile; fileRef = D990A5030C0DDB1B4CB09A06 /* Pods_instagram.framework */; };
		C104D501651466C7F78FAC02 /* Pods_instagram_instagramUITests.framework in Frameworks */ = {isa = PBXBuildFile; fileRef = 72B443CA6DDD27DCF35AE9B9 /* Pods_instagram_instagramUITests.framework */; };
/* End PBXBuildFile section */

/* Begin PBXContainerItemProxy section */
		6C135E1F254284E80085179C /* PBXContainerItemProxy */ = {
			isa = PBXContainerItemProxy;
			containerPortal = 6C135E00254284E70085179C /* Project object */;
			proxyType = 1;
			remoteGlobalIDString = 6C135E07254284E70085179C;
			remoteInfo = instagram;
		};
		6C135E2A254284E80085179C /* PBXContainerItemProxy */ = {
			isa = PBXContainerItemProxy;
			containerPortal = 6C135E00254284E70085179C /* Project object */;
			proxyType = 1;
			remoteGlobalIDString = 6C135E07254284E70085179C;
			remoteInfo = instagram;
		};
/* End PBXContainerItemProxy section */

/* Begin PBXFileReference section */
		113645A08DAEA6897DF51348 /* Pods-instagram-instagramUITests.release.xcconfig */ = {isa = PBXFileReference; includeInIndex = 1; lastKnownFileType = text.xcconfig; name = "Pods-instagram-instagramUITests.release.xcconfig"; path = "Target Support Files/Pods-instagram-instagramUITests/Pods-instagram-instagramUITests.release.xcconfig"; sourceTree = "<group>"; };
		3039DF6F9EF8C7D96F91157F /* Pods-instagramTests.debug.xcconfig */ = {isa = PBXFileReference; includeInIndex = 1; lastKnownFileType = text.xcconfig; name = "Pods-instagramTests.debug.xcconfig"; path = "Target Support Files/Pods-instagramTests/Pods-instagramTests.debug.xcconfig"; sourceTree = "<group>"; };
		415087812FB7BB1FAE861FEB /* Pods-instagram.release.xcconfig */ = {isa = PBXFileReference; includeInIndex = 1; lastKnownFileType = text.xcconfig; name = "Pods-instagram.release.xcconfig"; path = "Target Support Files/Pods-instagram/Pods-instagram.release.xcconfig"; sourceTree = "<group>"; };
		624BA48BAD96A92024DB1770 /* Pods-instagram.debug.xcconfig */ = {isa = PBXFileReference; includeInIndex = 1; lastKnownFileType = text.xcconfig; name = "Pods-instagram.debug.xcconfig"; path = "Target Support Files/Pods-instagram/Pods-instagram.debug.xcconfig"; sourceTree = "<group>"; };
		65E8042D5812A4DF072EA37D /* Pods-instagram-instagramUITests.debug.xcconfig */ = {isa = PBXFileReference; includeInIndex = 1; lastKnownFileType = text.xcconfig; name = "Pods-instagram-instagramUITests.debug.xcconfig"; path = "Target Support Files/Pods-instagram-instagramUITests/Pods-instagram-instagramUITests.debug.xcconfig"; sourceTree = "<group>"; };
		6C135E08254284E70085179C /* instagram.app */ = {isa = PBXFileReference; explicitFileType = wrapper.application; includeInIndex = 0; path = instagram.app; sourceTree = BUILT_PRODUCTS_DIR; };
		6C135E0B254284E70085179C /* AppDelegate.swift */ = {isa = PBXFileReference; lastKnownFileType = sourcecode.swift; path = AppDelegate.swift; sourceTree = "<group>"; };
		6C135E0D254284E70085179C /* SceneDelegate.swift */ = {isa = PBXFileReference; lastKnownFileType = sourcecode.swift; path = SceneDelegate.swift; sourceTree = "<group>"; };
		6C135E12254284E70085179C /* Base */ = {isa = PBXFileReference; lastKnownFileType = file.storyboard; name = Base; path = Base.lproj/Main.storyboard; sourceTree = "<group>"; };
		6C135E14254284E80085179C /* Assets.xcassets */ = {isa = PBXFileReference; lastKnownFileType = folder.assetcatalog; path = Assets.xcassets; sourceTree = "<group>"; };
		6C135E17254284E80085179C /* Base */ = {isa = PBXFileReference; lastKnownFileType = file.storyboard; name = Base; path = Base.lproj/LaunchScreen.storyboard; sourceTree = "<group>"; };
		6C135E19254284E80085179C /* Info.plist */ = {isa = PBXFileReference; lastKnownFileType = text.plist.xml; path = Info.plist; sourceTree = "<group>"; };
		6C135E1E254284E80085179C /* instagramTests.xctest */ = {isa = PBXFileReference; explicitFileType = wrapper.cfbundle; includeInIndex = 0; path = instagramTests.xctest; sourceTree = BUILT_PRODUCTS_DIR; };
		6C135E22254284E80085179C /* instagramTests.swift */ = {isa = PBXFileReference; lastKnownFileType = sourcecode.swift; path = instagramTests.swift; sourceTree = "<group>"; };
		6C135E24254284E80085179C /* Info.plist */ = {isa = PBXFileReference; lastKnownFileType = text.plist.xml; path = Info.plist; sourceTree = "<group>"; };
		6C135E29254284E80085179C /* instagramUITests.xctest */ = {isa = PBXFileReference; explicitFileType = wrapper.cfbundle; includeInIndex = 0; path = instagramUITests.xctest; sourceTree = BUILT_PRODUCTS_DIR; };
		6C135E2D254284E80085179C /* instagramUITests.swift */ = {isa = PBXFileReference; lastKnownFileType = sourcecode.swift; path = instagramUITests.swift; sourceTree = "<group>"; };
		6C135E2F254284E80085179C /* Info.plist */ = {isa = PBXFileReference; lastKnownFileType = text.plist.xml; path = Info.plist; sourceTree = "<group>"; };
		6C135E4F2542859F0085179C /* LoginViewController.swift */ = {isa = PBXFileReference; lastKnownFileType = sourcecode.swift; path = LoginViewController.swift; sourceTree = "<group>"; };
		6C135E54254285AA0085179C /* FeedViewController.swift */ = {isa = PBXFileReference; lastKnownFileType = sourcecode.swift; path = FeedViewController.swift; sourceTree = "<group>"; };
		6C5682EF25428BB500C4BA20 /* CameraViewController.swift */ = {isa = PBXFileReference; lastKnownFileType = sourcecode.swift; path = CameraViewController.swift; sourceTree = "<group>"; };
		6C5682F42542948300C4BA20 /* PostCell.swift */ = {isa = PBXFileReference; lastKnownFileType = sourcecode.swift; path = PostCell.swift; sourceTree = "<group>"; };
		72B443CA6DDD27DCF35AE9B9 /* Pods_instagram_instagramUITests.framework */ = {isa = PBXFileReference; explicitFileType = wrapper.framework; includeInIndex = 0; path = Pods_instagram_instagramUITests.framework; sourceTree = BUILT_PRODUCTS_DIR; };
		95579B905EFCDA9F564A762F /* Pods_instagramTests.framework */ = {isa = PBXFileReference; explicitFileType = wrapper.framework; includeInIndex = 0; path = Pods_instagramTests.framework; sourceTree = BUILT_PRODUCTS_DIR; };
		A87C8BA76F287572C7DFE444 /* Pods-instagramTests.release.xcconfig */ = {isa = PBXFileReference; includeInIndex = 1; lastKnownFileType = text.xcconfig; name = "Pods-instagramTests.release.xcconfig"; path = "Target Support Files/Pods-instagramTests/Pods-instagramTests.release.xcconfig"; sourceTree = "<group>"; };
		D990A5030C0DDB1B4CB09A06 /* Pods_instagram.framework */ = {isa = PBXFileReference; explicitFileType = wrapper.framework; includeInIndex = 0; path = Pods_instagram.framework; sourceTree = BUILT_PRODUCTS_DIR; };
/* End PBXFileReference section */

/* Begin PBXFrameworksBuildPhase section */
		6C135E05254284E70085179C /* Frameworks */ = {
			isa = PBXFrameworksBuildPhase;
			buildActionMask = 2147483647;
			files = (
				B3FBEB38C2773D479B8E08CB /* Pods_instagram.framework in Frameworks */,
			);
			runOnlyForDeploymentPostprocessing = 0;
		};
		6C135E1B254284E80085179C /* Frameworks */ = {
			isa = PBXFrameworksBuildPhase;
			buildActionMask = 2147483647;
			files = (
				145EDFE2314557CBC7417A33 /* Pods_instagramTests.framework in Frameworks */,
			);
			runOnlyForDeploymentPostprocessing = 0;
		};
		6C135E26254284E80085179C /* Frameworks */ = {
			isa = PBXFrameworksBuildPhase;
			buildActionMask = 2147483647;
			files = (
				C104D501651466C7F78FAC02 /* Pods_instagram_instagramUITests.framework in Frameworks */,
			);
			runOnlyForDeploymentPostprocessing = 0;
		};
/* End PBXFrameworksBuildPhase section */

/* Begin PBXGroup section */
		439EDCF6FB3AE34687EF382D /* Pods */ = {
			isa = PBXGroup;
			children = (
				624BA48BAD96A92024DB1770 /* Pods-instagram.debug.xcconfig */,
				415087812FB7BB1FAE861FEB /* Pods-instagram.release.xcconfig */,
				65E8042D5812A4DF072EA37D /* Pods-instagram-instagramUITests.debug.xcconfig */,
				113645A08DAEA6897DF51348 /* Pods-instagram-instagramUITests.release.xcconfig */,
				3039DF6F9EF8C7D96F91157F /* Pods-instagramTests.debug.xcconfig */,
				A87C8BA76F287572C7DFE444 /* Pods-instagramTests.release.xcconfig */,
			);
			path = Pods;
			sourceTree = "<group>";
		};
		54A46843B70C98DA42F649E4 /* Frameworks */ = {
			isa = PBXGroup;
			children = (
				D990A5030C0DDB1B4CB09A06 /* Pods_instagram.framework */,
				72B443CA6DDD27DCF35AE9B9 /* Pods_instagram_instagramUITests.framework */,
				95579B905EFCDA9F564A762F /* Pods_instagramTests.framework */,
			);
			name = Frameworks;
			sourceTree = "<group>";
		};
		6C135DFF254284E70085179C = {
			isa = PBXGroup;
			children = (
				6C135E0A254284E70085179C /* instagram */,
				6C135E21254284E80085179C /* instagramTests */,
				6C135E2C254284E80085179C /* instagramUITests */,
				6C135E09254284E70085179C /* Products */,
				439EDCF6FB3AE34687EF382D /* Pods */,
				54A46843B70C98DA42F649E4 /* Frameworks */,
			);
			sourceTree = "<group>";
		};
		6C135E09254284E70085179C /* Products */ = {
			isa = PBXGroup;
			children = (
				6C135E08254284E70085179C /* instagram.app */,
				6C135E1E254284E80085179C /* instagramTests.xctest */,
				6C135E29254284E80085179C /* instagramUITests.xctest */,
			);
			name = Products;
			sourceTree = "<group>";
		};
		6C135E0A254284E70085179C /* instagram */ = {
			isa = PBXGroup;
			children = (
				6C135E0B254284E70085179C /* AppDelegate.swift */,
				6C135E0D254284E70085179C /* SceneDelegate.swift */,
				6C135E11254284E70085179C /* Main.storyboard */,
				6C5682F42542948300C4BA20 /* PostCell.swift */,
				6C5682EF25428BB500C4BA20 /* CameraViewController.swift */,
				6C135E4F2542859F0085179C /* LoginViewController.swift */,
				6C135E54254285AA0085179C /* FeedViewController.swift */,
				6C135E14254284E80085179C /* Assets.xcassets */,
				6C135E16254284E80085179C /* LaunchScreen.storyboard */,
				6C135E19254284E80085179C /* Info.plist */,
			);
			path = instagram;
			sourceTree = "<group>";
		};
		6C135E21254284E80085179C /* instagramTests */ = {
			isa = PBXGroup;
			children = (
				6C135E22254284E80085179C /* instagramTests.swift */,
				6C135E24254284E80085179C /* Info.plist */,
			);
			path = instagramTests;
			sourceTree = "<group>";
		};
		6C135E2C254284E80085179C /* instagramUITests */ = {
			isa = PBXGroup;
			children = (
				6C135E2D254284E80085179C /* instagramUITests.swift */,
				6C135E2F254284E80085179C /* Info.plist */,
			);
			path = instagramUITests;
			sourceTree = "<group>";
		};
/* End PBXGroup section */

/* Begin PBXNativeTarget section */
		6C135E07254284E70085179C /* instagram */ = {
			isa = PBXNativeTarget;
			buildConfigurationList = 6C135E32254284E80085179C /* Build configuration list for PBXNativeTarget "instagram" */;
			buildPhases = (
				A3F09B181D8910FD0E1B26EF /* [CP] Check Pods Manifest.lock */,
				6C135E04254284E70085179C /* Sources */,
				6C135E05254284E70085179C /* Frameworks */,
				6C135E06254284E70085179C /* Resources */,
				721A26A37CA459AFA96CA30E /* [CP] Embed Pods Frameworks */,
			);
			buildRules = (
			);
			dependencies = (
			);
			name = instagram;
			productName = instagram;
			productReference = 6C135E08254284E70085179C /* instagram.app */;
			productType = "com.apple.product-type.application";
		};
		6C135E1D254284E80085179C /* instagramTests */ = {
			isa = PBXNativeTarget;
			buildConfigurationList = 6C135E35254284E80085179C /* Build configuration list for PBXNativeTarget "instagramTests" */;
			buildPhases = (
				814573D224D9227491E99802 /* [CP] Check Pods Manifest.lock */,
				6C135E1A254284E80085179C /* Sources */,
				6C135E1B254284E80085179C /* Frameworks */,
				6C135E1C254284E80085179C /* Resources */,
			);
			buildRules = (
			);
			dependencies = (
				6C135E20254284E80085179C /* PBXTargetDependency */,
			);
			name = instagramTests;
			productName = instagramTests;
			productReference = 6C135E1E254284E80085179C /* instagramTests.xctest */;
			productType = "com.apple.product-type.bundle.unit-test";
		};
		6C135E28254284E80085179C /* instagramUITests */ = {
			isa = PBXNativeTarget;
			buildConfigurationList = 6C135E38254284E80085179C /* Build configuration list for PBXNativeTarget "instagramUITests" */;
			buildPhases = (
				66A11A887C7B83D4D4C8790F /* [CP] Check Pods Manifest.lock */,
				6C135E25254284E80085179C /* Sources */,
				6C135E26254284E80085179C /* Frameworks */,
				6C135E27254284E80085179C /* Resources */,
				26AB924072316BA74B6C618E /* [CP] Embed Pods Frameworks */,
			);
			buildRules = (
			);
			dependencies = (
				6C135E2B254284E80085179C /* PBXTargetDependency */,
			);
			name = instagramUITests;
			productName = instagramUITests;
			productReference = 6C135E29254284E80085179C /* instagramUITests.xctest */;
			productType = "com.apple.product-type.bundle.ui-testing";
		};
/* End PBXNativeTarget section */

/* Begin PBXProject section */
		6C135E00254284E70085179C /* Project object */ = {
			isa = PBXProject;
			attributes = {
				LastSwiftUpdateCheck = 1210;
				LastUpgradeCheck = 1210;
				TargetAttributes = {
					6C135E07254284E70085179C = {
						CreatedOnToolsVersion = 12.1;
					};
					6C135E1D254284E80085179C = {
						CreatedOnToolsVersion = 12.1;
						TestTargetID = 6C135E07254284E70085179C;
					};
					6C135E28254284E80085179C = {
						CreatedOnToolsVersion = 12.1;
						TestTargetID = 6C135E07254284E70085179C;
					};
				};
			};
			buildConfigurationList = 6C135E03254284E70085179C /* Build configuration list for PBXProject "instagram" */;
			compatibilityVersion = "Xcode 9.3";
			developmentRegion = en;
			hasScannedForEncodings = 0;
			knownRegions = (
				en,
				Base,
			);
			mainGroup = 6C135DFF254284E70085179C;
			productRefGroup = 6C135E09254284E70085179C /* Products */;
			projectDirPath = "";
			projectRoot = "";
			targets = (
				6C135E07254284E70085179C /* instagram */,
				6C135E1D254284E80085179C /* instagramTests */,
				6C135E28254284E80085179C /* instagramUITests */,
			);
		};
/* End PBXProject section */

/* Begin PBXResourcesBuildPhase section */
		6C135E06254284E70085179C /* Resources */ = {
			isa = PBXResourcesBuildPhase;
			buildActionMask = 2147483647;
			files = (
				6C135E18254284E80085179C /* LaunchScreen.storyboard in Resources */,
				6C135E15254284E80085179C /* Assets.xcassets in Resources */,
				6C135E13254284E70085179C /* Main.storyboard in Resources */,
			);
			runOnlyForDeploymentPostprocessing = 0;
		};
		6C135E1C254284E80085179C /* Resources */ = {
			isa = PBXResourcesBuildPhase;
			buildActionMask = 2147483647;
			files = (
			);
			runOnlyForDeploymentPostprocessing = 0;
		};
		6C135E27254284E80085179C /* Resources */ = {
			isa = PBXResourcesBuildPhase;
			buildActionMask = 2147483647;
			files = (
			);
			runOnlyForDeploymentPostprocessing = 0;
		};
/* End PBXResourcesBuildPhase section */

/* Begin PBXShellScriptBuildPhase section */
		26AB924072316BA74B6C618E /* [CP] Embed Pods Frameworks */ = {
			isa = PBXShellScriptBuildPhase;
			buildActionMask = 2147483647;
			files = (
			);
			inputFileListPaths = (
				"${PODS_ROOT}/Target Support Files/Pods-instagram-instagramUITests/Pods-instagram-instagramUITests-frameworks-${CONFIGURATION}-input-files.xcfilelist",
			);
			name = "[CP] Embed Pods Frameworks";
			outputFileListPaths = (
				"${PODS_ROOT}/Target Support Files/Pods-instagram-instagramUITests/Pods-instagram-instagramUITests-frameworks-${CONFIGURATION}-output-files.xcfilelist",
			);
			runOnlyForDeploymentPostprocessing = 0;
			shellPath = /bin/sh;
			shellScript = "\"${PODS_ROOT}/Target Support Files/Pods-instagram-instagramUITests/Pods-instagram-instagramUITests-frameworks.sh\"\n";
			showEnvVarsInLog = 0;
		};
		66A11A887C7B83D4D4C8790F /* [CP] Check Pods Manifest.lock */ = {
			isa = PBXShellScriptBuildPhase;
			buildActionMask = 2147483647;
			files = (
			);
			inputFileListPaths = (
			);
			inputPaths = (
				"${PODS_PODFILE_DIR_PATH}/Podfile.lock",
				"${PODS_ROOT}/Manifest.lock",
			);
			name = "[CP] Check Pods Manifest.lock";
			outputFileListPaths = (
			);
			outputPaths = (
				"$(DERIVED_FILE_DIR)/Pods-instagram-instagramUITests-checkManifestLockResult.txt",
			);
			runOnlyForDeploymentPostprocessing = 0;
			shellPath = /bin/sh;
			shellScript = "diff \"${PODS_PODFILE_DIR_PATH}/Podfile.lock\" \"${PODS_ROOT}/Manifest.lock\" > /dev/null\nif [ $? != 0 ] ; then\n    # print error to STDERR\n    echo \"error: The sandbox is not in sync with the Podfile.lock. Run 'pod install' or update your CocoaPods installation.\" >&2\n    exit 1\nfi\n# This output is used by Xcode 'outputs' to avoid re-running this script phase.\necho \"SUCCESS\" > \"${SCRIPT_OUTPUT_FILE_0}\"\n";
			showEnvVarsInLog = 0;
		};
		721A26A37CA459AFA96CA30E /* [CP] Embed Pods Frameworks */ = {
			isa = PBXShellScriptBuildPhase;
			buildActionMask = 2147483647;
			files = (
			);
			inputFileListPaths = (
				"${PODS_ROOT}/Target Support Files/Pods-instagram/Pods-instagram-frameworks-${CONFIGURATION}-input-files.xcfilelist",
			);
			name = "[CP] Embed Pods Frameworks";
			outputFileListPaths = (
				"${PODS_ROOT}/Target Support Files/Pods-instagram/Pods-instagram-frameworks-${CONFIGURATION}-output-files.xcfilelist",
			);
			runOnlyForDeploymentPostprocessing = 0;
			shellPath = /bin/sh;
			shellScript = "\"${PODS_ROOT}/Target Support Files/Pods-instagram/Pods-instagram-frameworks.sh\"\n";
			showEnvVarsInLog = 0;
		};
		814573D224D9227491E99802 /* [CP] Check Pods Manifest.lock */ = {
			isa = PBXShellScriptBuildPhase;
			buildActionMask = 2147483647;
			files = (
			);
			inputFileListPaths = (
			);
			inputPaths = (
				"${PODS_PODFILE_DIR_PATH}/Podfile.lock",
				"${PODS_ROOT}/Manifest.lock",
			);
			name = "[CP] Check Pods Manifest.lock";
			outputFileListPaths = (
			);
			outputPaths = (
				"$(DERIVED_FILE_DIR)/Pods-instagramTests-checkManifestLockResult.txt",
			);
			runOnlyForDeploymentPostprocessing = 0;
			shellPath = /bin/sh;
			shellScript = "diff \"${PODS_PODFILE_DIR_PATH}/Podfile.lock\" \"${PODS_ROOT}/Manifest.lock\" > /dev/null\nif [ $? != 0 ] ; then\n    # print error to STDERR\n    echo \"error: The sandbox is not in sync with the Podfile.lock. Run 'pod install' or update your CocoaPods installation.\" >&2\n    exit 1\nfi\n# This output is used by Xcode 'outputs' to avoid re-running this script phase.\necho \"SUCCESS\" > \"${SCRIPT_OUTPUT_FILE_0}\"\n";
			showEnvVarsInLog = 0;
		};
		A3F09B181D8910FD0E1B26EF /* [CP] Check Pods Manifest.lock */ = {
			isa = PBXShellScriptBuildPhase;
			buildActionMask = 2147483647;
			files = (
			);
			inputFileListPaths = (
			);
			inputPaths = (
				"${PODS_PODFILE_DIR_PATH}/Podfile.lock",
				"${PODS_ROOT}/Manifest.lock",
			);
			name = "[CP] Check Pods Manifest.lock";
			outputFileListPaths = (
			);
			outputPaths = (
				"$(DERIVED_FILE_DIR)/Pods-instagram-checkManifestLockResult.txt",
			);
			runOnlyForDeploymentPostprocessing = 0;
			shellPath = /bin/sh;
			shellScript = "diff \"${PODS_PODFILE_DIR_PATH}/Podfile.lock\" \"${PODS_ROOT}/Manifest.lock\" > /dev/null\nif [ $? != 0 ] ; then\n    # print error to STDERR\n    echo \"error: The sandbox is not in sync with the Podfile.lock. Run 'pod install' or update your CocoaPods installation.\" >&2\n    exit 1\nfi\n# This output is used by Xcode 'outputs' to avoid re-running this script phase.\necho \"SUCCESS\" > \"${SCRIPT_OUTPUT_FILE_0}\"\n";
			showEnvVarsInLog = 0;
		};
/* End PBXShellScriptBuildPhase section */

/* Begin PBXSourcesBuildPhase section */
		6C135E04254284E70085179C /* Sources */ = {
			isa = PBXSourcesBuildPhase;
			buildActionMask = 2147483647;
			files = (
				6C135E502542859F0085179C /* LoginViewController.swift in Sources */,
				6C5682F025428BB500C4BA20 /* CameraViewController.swift in Sources */,
				6C135E0C254284E70085179C /* AppDelegate.swift in Sources */,
				6C135E55254285AA0085179C /* FeedViewController.swift in Sources */,
				6C135E0E254284E70085179C /* SceneDelegate.swift in Sources */,
				6C5682F52542948300C4BA20 /* PostCell.swift in Sources */,
			);
			runOnlyForDeploymentPostprocessing = 0;
		};
		6C135E1A254284E80085179C /* Sources */ = {
			isa = PBXSourcesBuildPhase;
			buildActionMask = 2147483647;
			files = (
				6C135E23254284E80085179C /* instagramTests.swift in Sources */,
			);
			runOnlyForDeploymentPostprocessing = 0;
		};
		6C135E25254284E80085179C /* Sources */ = {
			isa = PBXSourcesBuildPhase;
			buildActionMask = 2147483647;
			files = (
				6C135E2E254284E80085179C /* instagramUITests.swift in Sources */,
			);
			runOnlyForDeploymentPostprocessing = 0;
		};
/* End PBXSourcesBuildPhase section */

/* Begin PBXTargetDependency section */
		6C135E20254284E80085179C /* PBXTargetDependency */ = {
			isa = PBXTargetDependency;
			target = 6C135E07254284E70085179C /* instagram */;
			targetProxy = 6C135E1F254284E80085179C /* PBXContainerItemProxy */;
		};
		6C135E2B254284E80085179C /* PBXTargetDependency */ = {
			isa = PBXTargetDependency;
			target = 6C135E07254284E70085179C /* instagram */;
			targetProxy = 6C135E2A254284E80085179C /* PBXContainerItemProxy */;
		};
/* End PBXTargetDependency section */

/* Begin PBXVariantGroup section */
		6C135E11254284E70085179C /* Main.storyboard */ = {
			isa = PBXVariantGroup;
			children = (
				6C135E12254284E70085179C /* Base */,
			);
			name = Main.storyboard;
			sourceTree = "<group>";
		};
		6C135E16254284E80085179C /* LaunchScreen.storyboard */ = {
			isa = PBXVariantGroup;
			children = (
				6C135E17254284E80085179C /* Base */,
			);
			name = LaunchScreen.storyboard;
			sourceTree = "<group>";
		};
/* End PBXVariantGroup section */

/* Begin XCBuildConfiguration section */
		6C135E30254284E80085179C /* Debug */ = {
			isa = XCBuildConfiguration;
			buildSettings = {
				ALWAYS_SEARCH_USER_PATHS = NO;
				CLANG_ANALYZER_NONNULL = YES;
				CLANG_ANALYZER_NUMBER_OBJECT_CONVERSION = YES_AGGRESSIVE;
				CLANG_CXX_LANGUAGE_STANDARD = "gnu++14";
				CLANG_CXX_LIBRARY = "libc++";
				CLANG_ENABLE_MODULES = YES;
				CLANG_ENABLE_OBJC_ARC = YES;
				CLANG_ENABLE_OBJC_WEAK = YES;
				CLANG_WARN_BLOCK_CAPTURE_AUTORELEASING = YES;
				CLANG_WARN_BOOL_CONVERSION = YES;
				CLANG_WARN_COMMA = YES;
				CLANG_WARN_CONSTANT_CONVERSION = YES;
				CLANG_WARN_DEPRECATED_OBJC_IMPLEMENTATIONS = YES;
				CLANG_WARN_DIRECT_OBJC_ISA_USAGE = YES_ERROR;
				CLANG_WARN_DOCUMENTATION_COMMENTS = YES;
				CLANG_WARN_EMPTY_BODY = YES;
				CLANG_WARN_ENUM_CONVERSION = YES;
				CLANG_WARN_INFINITE_RECURSION = YES;
				CLANG_WARN_INT_CONVERSION = YES;
				CLANG_WARN_NON_LITERAL_NULL_CONVERSION = YES;
				CLANG_WARN_OBJC_IMPLICIT_RETAIN_SELF = YES;
				CLANG_WARN_OBJC_LITERAL_CONVERSION = YES;
				CLANG_WARN_OBJC_ROOT_CLASS = YES_ERROR;
				CLANG_WARN_QUOTED_INCLUDE_IN_FRAMEWORK_HEADER = YES;
				CLANG_WARN_RANGE_LOOP_ANALYSIS = YES;
				CLANG_WARN_STRICT_PROTOTYPES = YES;
				CLANG_WARN_SUSPICIOUS_MOVE = YES;
				CLANG_WARN_UNGUARDED_AVAILABILITY = YES_AGGRESSIVE;
				CLANG_WARN_UNREACHABLE_CODE = YES;
				CLANG_WARN__DUPLICATE_METHOD_MATCH = YES;
				COPY_PHASE_STRIP = NO;
				DEBUG_INFORMATION_FORMAT = dwarf;
				ENABLE_STRICT_OBJC_MSGSEND = YES;
				ENABLE_TESTABILITY = YES;
				GCC_C_LANGUAGE_STANDARD = gnu11;
				GCC_DYNAMIC_NO_PIC = NO;
				GCC_NO_COMMON_BLOCKS = YES;
				GCC_OPTIMIZATION_LEVEL = 0;
				GCC_PREPROCESSOR_DEFINITIONS = (
					"DEBUG=1",
					"$(inherited)",
				);
				GCC_WARN_64_TO_32_BIT_CONVERSION = YES;
				GCC_WARN_ABOUT_RETURN_TYPE = YES_ERROR;
				GCC_WARN_UNDECLARED_SELECTOR = YES;
				GCC_WARN_UNINITIALIZED_AUTOS = YES_AGGRESSIVE;
				GCC_WARN_UNUSED_FUNCTION = YES;
				GCC_WARN_UNUSED_VARIABLE = YES;
				IPHONEOS_DEPLOYMENT_TARGET = 14.1;
				MTL_ENABLE_DEBUG_INFO = INCLUDE_SOURCE;
				MTL_FAST_MATH = YES;
				ONLY_ACTIVE_ARCH = YES;
				SDKROOT = iphoneos;
				SWIFT_ACTIVE_COMPILATION_CONDITIONS = DEBUG;
				SWIFT_OPTIMIZATION_LEVEL = "-Onone";
			};
			name = Debug;
		};
		6C135E31254284E80085179C /* Release */ = {
			isa = XCBuildConfiguration;
			buildSettings = {
				ALWAYS_SEARCH_USER_PATHS = NO;
				CLANG_ANALYZER_NONNULL = YES;
				CLANG_ANALYZER_NUMBER_OBJECT_CONVERSION = YES_AGGRESSIVE;
				CLANG_CXX_LANGUAGE_STANDARD = "gnu++14";
				CLANG_CXX_LIBRARY = "libc++";
				CLANG_ENABLE_MODULES = YES;
				CLANG_ENABLE_OBJC_ARC = YES;
				CLANG_ENABLE_OBJC_WEAK = YES;
				CLANG_WARN_BLOCK_CAPTURE_AUTORELEASING = YES;
				CLANG_WARN_BOOL_CONVERSION = YES;
				CLANG_WARN_COMMA = YES;
				CLANG_WARN_CONSTANT_CONVERSION = YES;
				CLANG_WARN_DEPRECATED_OBJC_IMPLEMENTATIONS = YES;
				CLANG_WARN_DIRECT_OBJC_ISA_USAGE = YES_ERROR;
				CLANG_WARN_DOCUMENTATION_COMMENTS = YES;
				CLANG_WARN_EMPTY_BODY = YES;
				CLANG_WARN_ENUM_CONVERSION = YES;
				CLANG_WARN_INFINITE_RECURSION = YES;
				CLANG_WARN_INT_CONVERSION = YES;
				CLANG_WARN_NON_LITERAL_NULL_CONVERSION = YES;
				CLANG_WARN_OBJC_IMPLICIT_RETAIN_SELF = YES;
				CLANG_WARN_OBJC_LITERAL_CONVERSION = YES;
				CLANG_WARN_OBJC_ROOT_CLASS = YES_ERROR;
				CLANG_WARN_QUOTED_INCLUDE_IN_FRAMEWORK_HEADER = YES;
				CLANG_WARN_RANGE_LOOP_ANALYSIS = YES;
				CLANG_WARN_STRICT_PROTOTYPES = YES;
				CLANG_WARN_SUSPICIOUS_MOVE = YES;
				CLANG_WARN_UNGUARDED_AVAILABILITY = YES_AGGRESSIVE;
				CLANG_WARN_UNREACHABLE_CODE = YES;
				CLANG_WARN__DUPLICATE_METHOD_MATCH = YES;
				COPY_PHASE_STRIP = NO;
				DEBUG_INFORMATION_FORMAT = "dwarf-with-dsym";
				ENABLE_NS_ASSERTIONS = NO;
				ENABLE_STRICT_OBJC_MSGSEND = YES;
				GCC_C_LANGUAGE_STANDARD = gnu11;
				GCC_NO_COMMON_BLOCKS = YES;
				GCC_WARN_64_TO_32_BIT_CONVERSION = YES;
				GCC_WARN_ABOUT_RETURN_TYPE = YES_ERROR;
				GCC_WARN_UNDECLARED_SELECTOR = YES;
				GCC_WARN_UNINITIALIZED_AUTOS = YES_AGGRESSIVE;
				GCC_WARN_UNUSED_FUNCTION = YES;
				GCC_WARN_UNUSED_VARIABLE = YES;
				IPHONEOS_DEPLOYMENT_TARGET = 14.1;
				MTL_ENABLE_DEBUG_INFO = NO;
				MTL_FAST_MATH = YES;
				SDKROOT = iphoneos;
				SWIFT_COMPILATION_MODE = wholemodule;
				SWIFT_OPTIMIZATION_LEVEL = "-O";
				VALIDATE_PRODUCT = YES;
			};
			name = Release;
		};
		6C135E33254284E80085179C /* Debug */ = {
			isa = XCBuildConfiguration;
			baseConfigurationReference = 624BA48BAD96A92024DB1770 /* Pods-instagram.debug.xcconfig */;
			buildSettings = {
				ASSETCATALOG_COMPILER_APPICON_NAME = AppIcon;
				ASSETCATALOG_COMPILER_GLOBAL_ACCENT_COLOR_NAME = AccentColor;
				CODE_SIGN_STYLE = Automatic;
				INFOPLIST_FILE = instagram/Info.plist;
				LD_RUNPATH_SEARCH_PATHS = (
					"$(inherited)",
					"@executable_path/Frameworks",
				);
				PRODUCT_BUNDLE_IDENTIFIER = "Pawan-Projects.instagram";
				PRODUCT_NAME = "$(TARGET_NAME)";
				SWIFT_VERSION = 5.0;
				TARGETED_DEVICE_FAMILY = "1,2";
			};
			name = Debug;
		};
		6C135E34254284E80085179C /* Release */ = {
			isa = XCBuildConfiguration;
			baseConfigurationReference = 415087812FB7BB1FAE861FEB /* Pods-instagram.release.xcconfig */;
			buildSettings = {
				ASSETCATALOG_COMPILER_APPICON_NAME = AppIcon;
				ASSETCATALOG_COMPILER_GLOBAL_ACCENT_COLOR_NAME = AccentColor;
				CODE_SIGN_STYLE = Automatic;
				INFOPLIST_FILE = instagram/Info.plist;
				LD_RUNPATH_SEARCH_PATHS = (
					"$(inherited)",
					"@executable_path/Frameworks",
				);
				PRODUCT_BUNDLE_IDENTIFIER = "Pawan-Projects.instagram";
				PRODUCT_NAME = "$(TARGET_NAME)";
				SWIFT_VERSION = 5.0;
				TARGETED_DEVICE_FAMILY = "1,2";
			};
			name = Release;
		};
		6C135E36254284E80085179C /* Debug */ = {
			isa = XCBuildConfiguration;
			baseConfigurationReference = 3039DF6F9EF8C7D96F91157F /* Pods-instagramTests.debug.xcconfig */;
			buildSettings = {
				ALWAYS_EMBED_SWIFT_STANDARD_LIBRARIES = YES;
				BUNDLE_LOADER = "$(TEST_HOST)";
				CODE_SIGN_STYLE = Automatic;
				INFOPLIST_FILE = instagramTests/Info.plist;
				IPHONEOS_DEPLOYMENT_TARGET = 14.1;
				LD_RUNPATH_SEARCH_PATHS = (
					"$(inherited)",
					"@executable_path/Frameworks",
					"@loader_path/Frameworks",
				);
				PRODUCT_BUNDLE_IDENTIFIER = "Pawan-Projects.instagramTests";
				PRODUCT_NAME = "$(TARGET_NAME)";
				SWIFT_VERSION = 5.0;
				TARGETED_DEVICE_FAMILY = "1,2";
				TEST_HOST = "$(BUILT_PRODUCTS_DIR)/instagram.app/instagram";
			};
			name = Debug;
		};
		6C135E37254284E80085179C /* Release */ = {
			isa = XCBuildConfiguration;
			baseConfigurationReference = A87C8BA76F287572C7DFE444 /* Pods-instagramTests.release.xcconfig */;
			buildSettings = {
				ALWAYS_EMBED_SWIFT_STANDARD_LIBRARIES = YES;
				BUNDLE_LOADER = "$(TEST_HOST)";
				CODE_SIGN_STYLE = Automatic;
				INFOPLIST_FILE = instagramTests/Info.plist;
				IPHONEOS_DEPLOYMENT_TARGET = 14.1;
				LD_RUNPATH_SEARCH_PATHS = (
					"$(inherited)",
					"@executable_path/Frameworks",
					"@loader_path/Frameworks",
				);
				PRODUCT_BUNDLE_IDENTIFIER = "Pawan-Projects.instagramTests";
				PRODUCT_NAME = "$(TARGET_NAME)";
				SWIFT_VERSION = 5.0;
				TARGETED_DEVICE_FAMILY = "1,2";
				TEST_HOST = "$(BUILT_PRODUCTS_DIR)/instagram.app/instagram";
			};
			name = Release;
		};
		6C135E39254284E80085179C /* Debug */ = {
			isa = XCBuildConfiguration;
			baseConfigurationReference = 65E8042D5812A4DF072EA37D /* Pods-instagram-instagramUITests.debug.xcconfig */;
			buildSettings = {
				ALWAYS_EMBED_SWIFT_STANDARD_LIBRARIES = YES;
				CODE_SIGN_STYLE = Automatic;
				INFOPLIST_FILE = instagramUITests/Info.plist;
				LD_RUNPATH_SEARCH_PATHS = (
					"$(inherited)",
					"@executable_path/Frameworks",
					"@loader_path/Frameworks",
				);
				PRODUCT_BUNDLE_IDENTIFIER = "Pawan-Projects.instagramUITests";
				PRODUCT_NAME = "$(TARGET_NAME)";
				SWIFT_VERSION = 5.0;
				TARGETED_DEVICE_FAMILY = "1,2";
				TEST_TARGET_NAME = instagram;
			};
			name = Debug;
		};
		6C135E3A254284E80085179C /* Release */ = {
			isa = XCBuildConfiguration;
			baseConfigurationReference = 113645A08DAEA6897DF51348 /* Pods-instagram-instagramUITests.release.xcconfig */;
			buildSettings = {
				ALWAYS_EMBED_SWIFT_STANDARD_LIBRARIES = YES;
				CODE_SIGN_STYLE = Automatic;
				INFOPLIST_FILE = instagramUITests/Info.plist;
				LD_RUNPATH_SEARCH_PATHS = (
					"$(inherited)",
					"@executable_path/Frameworks",
					"@loader_path/Frameworks",
				);
				PRODUCT_BUNDLE_IDENTIFIER = "Pawan-Projects.instagramUITests";
				PRODUCT_NAME = "$(TARGET_NAME)";
				SWIFT_VERSION = 5.0;
				TARGETED_DEVICE_FAMILY = "1,2";
				TEST_TARGET_NAME = instagram;
			};
			name = Release;
		};
/* End XCBuildConfiguration section */

/* Begin XCConfigurationList section */
		6C135E03254284E70085179C /* Build configuration list for PBXProject "instagram" */ = {
			isa = XCConfigurationList;
			buildConfigurations = (
				6C135E30254284E80085179C /* Debug */,
				6C135E31254284E80085179C /* Release */,
			);
			defaultConfigurationIsVisible = 0;
			defaultConfigurationName = Release;
		};
		6C135E32254284E80085179C /* Build configuration list for PBXNativeTarget "instagram" */ = {
			isa = XCConfigurationList;
			buildConfigurations = (
				6C135E33254284E80085179C /* Debug */,
				6C135E34254284E80085179C /* Release */,
			);
			defaultConfigurationIsVisible = 0;
			defaultConfigurationName = Release;
		};
		6C135E35254284E80085179C /* Build configuration list for PBXNativeTarget "instagramTests" */ = {
			isa = XCConfigurationList;
			buildConfigurations = (
				6C135E36254284E80085179C /* Debug */,
				6C135E37254284E80085179C /* Release */,
			);
			defaultConfigurationIsVisible = 0;
			defaultConfigurationName = Release;
		};
		6C135E38254284E80085179C /* Build configuration list for PBXNativeTarget "instagramUITests" */ = {
			isa = XCConfigurationList;
			buildConfigurations = (
				6C135E39254284E80085179C /* Debug */,
				6C135E3A254284E80085179C /* Release */,
			);
			defaultConfigurationIsVisible = 0;
			defaultConfigurationName = Release;
		};
/* End XCConfigurationList section */
	};
	rootObject = 6C135E00254284E70085179C /* Project object */;
}
